
Microsoft Visual Studio Solution File, Format Version 12.00
# Visual Studio 15
VisualStudioVersion = 15.0.27703.2000
MinimumVisualStudioVersion = 10.0.40219.1
Project("{FAE04EC0-301F-11D3-BF4B-00C04F79EFBC}") = "AzureIndexer", "AzureIndexer\AzureIndexer.csproj", "{9AA29947-5E36-442E-9831-12DA2879706A}"
EndProject
Global
	GlobalSection(SolutionConfigurationPlatforms) = preSolution
		Debug|Any CPU = Debug|Any CPU
		Release|Any CPU = Release|Any CPU
	EndGlobalSection
	GlobalSection(ProjectConfigurationPlatforms) = postSolution
		{9AA29947-5E36-442E-9831-12DA2879706A}.Debug|Any CPU.ActiveCfg = Debug|Any CPU
		{9AA29947-5E36-442E-9831-12DA2879706A}.Debug|Any CPU.Build.0 = Debug|Any CPU
		{9AA29947-5E36-442E-9831-12DA2879706A}.Release|Any CPU.ActiveCfg = Release|Any CPU
		{9AA29947-5E36-442E-9831-12DA2879706A}.Release|Any CPU.Build.0 = Release|Any CPU
	EndGlobalSection
	GlobalSection(SolutionProperties) = preSolution
		HideSolutionNode = FALSE
	EndGlobalSection
	GlobalSection(ExtensibilityGlobals) = postSolution
		SolutionGuid = {13C5CC75-78E8-4A98-BC96-CFBF79FC4B71}
	EndGlobalSection
EndGlobal
